<?xml version="1.0" encoding="utf-8"?>
<Project ToolsVersion="4.0" xmlns="http://schemas.microsoft.com/developer/msbuild/2003">
  <ItemGroup>
    <Filter Include="Source Files">
      <UniqueIdentifier>{4FC737F1-C7A5-4376-A066-2A32D752A2FF}</UniqueIdentifier>
      <Extensions>cpp;c;cc;cxx;c++;def;odl;idl;hpj;bat;asm;asmx</Extensions>
    </Filter>
    <Filter Include="Header Files">
      <UniqueIdentifier>{93995380-89BD-4b04-88EB-625FBE52EBFB}</UniqueIdentifier>
      <Extensions>h;hh;hpp;hxx;h++;hm;inl;inc;ipp;xsd</Extensions>
    </Filter>
    <Filter Include="Resource Files">
      <UniqueIdentifier>{67DA6AB6-F800-4c08-8B7A-83BB121AAD01}</UniqueIdentifier>
      <Extensions>rc;ico;cur;bmp;dlg;rc2;rct;bin;rgs;gif;jpg;jpeg;jpe;resx;tiff;tif;png;wav;mfcribbon-ms</Extensions>
    </Filter>
    <Filter Include="Source Files\Application">
      <UniqueIdentifier>{9aef1ca1-4d0f-4ca7-b7c3-540f3ac5c558}</UniqueIdentifier>
    </Filter>
    <Filter Include="Resource Files\Shader">
      <UniqueIdentifier>{ec250e96-ded3-45ad-a1d6-c12c52c90417}</UniqueIdentifier>
    </Filter>
    <Filter Include="Source Files\Game">
      <UniqueIdentifier>{362475b6-4a68-4a38-a941-cbe00189ad4c}</UniqueIdentifier>
    </Filter>
    <Filter Include="Source Files\Utilities">
      <UniqueIdentifier>{c7e5b2e7-03dd-4d2a-8b83-be1f607f15e4}</UniqueIdentifier>
    </Filter>
    <Filter Include="Source Files\Components">
      <UniqueIdentifier>{58d9a289-4dd7-4e11-9c05-33871704cdde}</UniqueIdentifier>
    </Filter>
    <Filter Include="Source Files\Utilities">
      <UniqueIdentifier>{9d8e0bd6-90be-4350-ae84-ac7b2cc4d8d8}</UniqueIdentifier>
    </Filter>
    <Filter Include="Source Files\Game\PhysX">
      <UniqueIdentifier>{130f37fd-d5c7-4704-a59e-ff1ed8ed8983}</UniqueIdentifier>
    </Filter>
    <Filter Include="Source Files\Engine">
      <UniqueIdentifier>{a2e571ce-1f95-43d3-8aab-b42df956998e}</UniqueIdentifier>
    </Filter>
    <Filter Include="Source Files\Application\Input">
      <UniqueIdentifier>{8064e12e-9923-46ac-8422-18dbb959dc76}</UniqueIdentifier>
    </Filter>
    <Filter Include="Source Files\Application\Input\Context">
      <UniqueIdentifier>{9427d680-6062-452d-8ee0-7d381c1aa292}</UniqueIdentifier>
    </Filter>
    <Filter Include="Source Files\ImGui">
      <UniqueIdentifier>{7bf5f694-28f6-40bc-a225-c1a8a8c7d1f8}</UniqueIdentifier>
    </Filter>
    <Filter Include="Source Files\Game\Pickup">
      <UniqueIdentifier>{a81dda99-e14d-47d7-a78e-4c92e59eaf8a}</UniqueIdentifier>
    </Filter>
    <Filter Include="Source Files\Game\Scenes">
      <UniqueIdentifier>{53b5394e-78b2-4920-83da-c0541e6eccba}</UniqueIdentifier>
    </Filter>
    <Filter Include="Source Files\Graphics">
      <UniqueIdentifier>{d4ecf160-93e1-4a8a-ab7e-35b121e613df}</UniqueIdentifier>
    </Filter>
    <Filter Include="Source Files\Graphics\GUI">
      <UniqueIdentifier>{7155dc50-d617-41f6-a310-ab0c68149543}</UniqueIdentifier>
    </Filter>
    <Filter Include="Source Files\Game\Boss">
      <UniqueIdentifier>{c67d7d09-c5ba-4473-8184-1258674324e2}</UniqueIdentifier>
    </Filter>
    <Filter Include="Source Files\Game\Boss\Moves">
      <UniqueIdentifier>{121a8da7-4fb3-4c20-8b12-22d9839235f0}</UniqueIdentifier>
    </Filter>
    <Filter Include="Source Files\Graphics\Particles">
      <UniqueIdentifier>{df34a05a-8cc6-4e67-91db-bedc4fbf50ed}</UniqueIdentifier>
    </Filter>
    <Filter Include="Source Files\Graphics\Particles\RainingDog">
      <UniqueIdentifier>{318e3fb0-0cbf-49b0-8345-a5e0f16d6197}</UniqueIdentifier>
    </Filter>
    <Filter Include="Source Files\Graphics\Particles\Score">
      <UniqueIdentifier>{5f471fb5-6b40-4b04-aed7-0dd0cf8ac577}</UniqueIdentifier>
    </Filter>
    <Filter Include="Source Files\Graphics\Particles\RainingDog\Streamout">
      <UniqueIdentifier>{c6fa122f-a9b8-43f6-8f61-94e4d0e5c2be}</UniqueIdentifier>
    </Filter>
    <Filter Include="Source Files\Graphics\Particles\RainingDog\Draw">
      <UniqueIdentifier>{cb4f9acb-35a2-4e50-afe7-523299c12978}</UniqueIdentifier>
    </Filter>
    <Filter Include="Source Files\Game\Traps">
      <UniqueIdentifier>{fda73094-e463-4574-9c83-c0425d6076d2}</UniqueIdentifier>
    </Filter>
    <Filter Include="Source Files\Graphics\Particles\Lines">
      <UniqueIdentifier>{a1c79bd5-2660-43a9-b262-d5a650067a8a}</UniqueIdentifier>
    </Filter>
    <Filter Include="Source Files\Graphics\Particles\Lines\PlayerLines">
      <UniqueIdentifier>{81cd15a0-dc26-411b-960a-cd15bfe82696}</UniqueIdentifier>
    </Filter>
    <Filter Include="Source Files\Graphics\Particles\Lines\LineArray">
      <UniqueIdentifier>{76330652-4474-42fc-9b9d-736c26b0023a}</UniqueIdentifier>
    </Filter>
  </ItemGroup>
  <ItemGroup>
    <ClCompile Include="main.cpp">
      <Filter>Source Files</Filter>
    </ClCompile>
    <ClCompile Include="ApplicationLayer.cpp">
      <Filter>Source Files\Application</Filter>
    </ClCompile>
    <ClCompile Include="Camera.cpp">
      <Filter>Source Files\Game</Filter>
    </ClCompile>
    <ClCompile Include="ResourceHandler.cpp">
      <Filter>Source Files\Application</Filter>
    </ClCompile>
    <ClCompile Include="Renderer.cpp">
      <Filter>Source Files\Graphics</Filter>
    </ClCompile>
    <ClCompile Include="3DPCH.cpp">
      <Filter>Header Files</Filter>
    </ClCompile>
    <ClCompile Include="Engine.cpp">
      <Filter>Source Files\Engine</Filter>
    </ClCompile>
    <ClCompile Include="Transform.cpp">
      <Filter>Source Files\Graphics</Filter>
    </ClCompile>
    <ClCompile Include="Input.cpp">
      <Filter>Source Files\Application\Input</Filter>
    </ClCompile>
    <ClCompile Include="Input_Keyboard.cpp">
      <Filter>Source Files\Application\Input</Filter>
    </ClCompile>
    <ClCompile Include="Input_Mouse.cpp">
      <Filter>Source Files\Application\Input</Filter>
    </ClCompile>
    <ClCompile Include="Player.cpp">
      <Filter>Source Files\Game</Filter>
    </ClCompile>
    <ClCompile Include="ShaderProgram.cpp">
      <Filter>Source Files\Graphics</Filter>
    </ClCompile>
    <ClCompile Include="MeshComponent.cpp">
      <Filter>Source Files\Components</Filter>
    </ClCompile>
    <ClCompile Include="AudioHandler.cpp">
      <Filter>Source Files\Application</Filter>
    </ClCompile>
    <ClCompile Include="Material.cpp">
      <Filter>Source Files\Graphics</Filter>
    </ClCompile>
    <ClCompile Include="AnimatedMeshComponent.cpp">
      <Filter>Source Files\Components</Filter>
    </ClCompile>
    <ClCompile Include="Timer.cpp">
      <Filter>Source Files\Application</Filter>
    </ClCompile>
    <ClCompile Include="..\3rd-Party\ImGui\imgui.cpp">
      <Filter>Source Files\ImGui</Filter>
    </ClCompile>
    <ClCompile Include="..\3rd-Party\ImGui\imgui_demo.cpp">
      <Filter>Source Files\ImGui</Filter>
    </ClCompile>
    <ClCompile Include="..\3rd-Party\ImGui\imgui_draw.cpp">
      <Filter>Source Files\ImGui</Filter>
    </ClCompile>
    <ClCompile Include="..\3rd-Party\ImGui\imgui_impl_dx11.cpp">
      <Filter>Source Files\ImGui</Filter>
    </ClCompile>
    <ClCompile Include="..\3rd-Party\ImGui\imgui_impl_win32.cpp">
      <Filter>Source Files\ImGui</Filter>
    </ClCompile>
    <ClCompile Include="..\3rd-Party\ImGui\imgui_widgets.cpp">
      <Filter>Source Files\ImGui</Filter>
    </ClCompile>
    <ClCompile Include="Pickup.cpp">
      <Filter>Source Files\Game\Pickup</Filter>
    </ClCompile>
    <ClCompile Include="GUIHandler.cpp">
      <Filter>Source Files\Graphics\GUI</Filter>
    </ClCompile>
    <ClCompile Include="Scene.cpp">
      <Filter>Source Files\Game\Scenes</Filter>
    </ClCompile>
    <ClCompile Include="SceneManager.cpp">
      <Filter>Source Files\Game\Scenes</Filter>
    </ClCompile>
    <ClCompile Include="Particles\Particle.cpp">
      <Filter>Source Files\Graphics\Particles</Filter>
    </ClCompile>
    <ClCompile Include="ShadowMap.cpp">
      <Filter>Source Files\Graphics</Filter>
    </ClCompile>
    <ClCompile Include="Boss.cpp">
      <Filter>Source Files\Game\Boss</Filter>
    </ClCompile>
  </ItemGroup>
  <ItemGroup>
    <ClInclude Include="TestComponent.h">
      <Filter>Source Files\Components</Filter>
    </ClInclude>
    <ClInclude Include="InvalidComponent.h">
      <Filter>Source Files\Components</Filter>
    </ClInclude>
    <ClInclude Include="VertexStructs.h">
      <Filter>Source Files\Graphics</Filter>
    </ClInclude>
    <ClInclude Include="Buffer.h">
      <Filter>Source Files\Graphics</Filter>
    </ClInclude>
    <ClInclude Include="ConstantBufferTypes.h">
      <Filter>Source Files\Graphics</Filter>
    </ClInclude>
    <ClInclude Include="Renderer.h">
      <Filter>Source Files\Graphics</Filter>
    </ClInclude>
    <ClInclude Include="Layouts.h">
      <Filter>Source Files\Graphics</Filter>
    </ClInclude>
    <ClInclude Include="ApplicationLayer.h">
      <Filter>Source Files\Application</Filter>
    </ClInclude>
    <ClInclude Include="ErrorLogger.h">
      <Filter>Source Files\Application</Filter>
    </ClInclude>
    <ClInclude Include="ResourceHandler.h">
      <Filter>Source Files\Application</Filter>
    </ClInclude>
    <ClInclude Include="Camera.h">
      <Filter>Source Files\Game</Filter>
    </ClInclude>
    <ClInclude Include="CompileShaderUtility.h">
      <Filter>Source Files\Utilities</Filter>
    </ClInclude>
    <ClInclude Include="3DPCH.h">
      <Filter>Header Files</Filter>
    </ClInclude>
    <ClInclude Include="Engine.h">
      <Filter>Source Files\Engine</Filter>
    </ClInclude>
    <ClInclude Include="Transform.h">
      <Filter>Source Files\Graphics</Filter>
    </ClInclude>
    <ClInclude Include="MeshComponent.h">
      <Filter>Source Files\Components</Filter>
    </ClInclude>
    <ClInclude Include="Physics.h">
      <Filter>Source Files\Game\PhysX</Filter>
    </ClInclude>
    <ClInclude Include="Input.h">
      <Filter>Source Files\Application\Input</Filter>
    </ClInclude>
    <ClInclude Include="Input_Keyboard.h">
      <Filter>Source Files\Application\Input</Filter>
    </ClInclude>
    <ClInclude Include="Input_Mouse.h">
      <Filter>Source Files\Application\Input</Filter>
    </ClInclude>
    <ClInclude Include="iContext.h">
      <Filter>Source Files\Application\Input\Context</Filter>
    </ClInclude>
    <ClInclude Include="HighLevelInput.h">
      <Filter>Source Files\Application\Input\Context</Filter>
    </ClInclude>
    <ClInclude Include="MovementContext.h">
      <Filter>Source Files\Application\Input\Context</Filter>
    </ClInclude>
    <ClInclude Include="ShaderProgram.h">
      <Filter>Source Files\Graphics</Filter>
    </ClInclude>
    <ClInclude Include="ShaderEnums.h">
      <Filter>Source Files\Graphics</Filter>
    </ClInclude>
    <ClInclude Include="InputStructs.h">
      <Filter>Source Files\Application</Filter>
    </ClInclude>
    <ClInclude Include="PhysicsComponent.h">
      <Filter>Source Files\Components</Filter>
    </ClInclude>
    <ClInclude Include="PhysicsMaterial.h">
      <Filter>Source Files\Game\PhysX</Filter>
    </ClInclude>
    <ClInclude Include="AudioHandler.h">
      <Filter>Source Files\Application</Filter>
    </ClInclude>
    <ClInclude Include="AudioComponent.h">
      <Filter>Source Files\Components</Filter>
    </ClInclude>
    <ClInclude Include="Material.h">
      <Filter>Source Files\Graphics</Filter>
    </ClInclude>
    <ClInclude Include="AnimatedMeshComponent.h">
      <Filter>Source Files\Components</Filter>
    </ClInclude>
    <ClInclude Include="SkeletalMeshResource.h">
      <Filter>Source Files\Application</Filter>
    </ClInclude>
    <ClInclude Include="RotateAroundComponent.h">
      <Filter>Source Files\Components</Filter>
    </ClInclude>
    <ClInclude Include="SpotLightComponent.h">
      <Filter>Source Files\Components</Filter>
    </ClInclude>
    <ClInclude Include="LightComponent.h">
      <Filter>Source Files\Components</Filter>
    </ClInclude>
    <ClInclude Include="LightStructs.h">
      <Filter>Source Files\Graphics</Filter>
    </ClInclude>
    <ClInclude Include="Timer.h">
      <Filter>Source Files\Application</Filter>
    </ClInclude>
    <ClInclude Include="CharacterControllerComponent.h">
      <Filter>Source Files\Components</Filter>
    </ClInclude>
    <ClInclude Include="FlippingComponent.h">
      <Filter>Source Files\Components</Filter>
    </ClInclude>
    <ClInclude Include="SweepingComponent.h">
      <Filter>Source Files\Components</Filter>
    </ClInclude>
    <ClInclude Include="..\3rd-Party\ImGui\imconfig.h">
      <Filter>Source Files\ImGui</Filter>
    </ClInclude>
    <ClInclude Include="..\3rd-Party\ImGui\imgui.h">
      <Filter>Source Files\ImGui</Filter>
    </ClInclude>
    <ClInclude Include="..\3rd-Party\ImGui\imgui_impl_dx11.h">
      <Filter>Source Files\ImGui</Filter>
    </ClInclude>
    <ClInclude Include="..\3rd-Party\ImGui\imgui_impl_win32.h">
      <Filter>Source Files\ImGui</Filter>
    </ClInclude>
    <ClInclude Include="..\3rd-Party\ImGui\imgui_internal.h">
      <Filter>Source Files\ImGui</Filter>
    </ClInclude>
    <ClInclude Include="..\3rd-Party\ImGui\imstb_rectpack.h">
      <Filter>Source Files\ImGui</Filter>
    </ClInclude>
    <ClInclude Include="..\3rd-Party\ImGui\imstb_textedit.h">
      <Filter>Source Files\ImGui</Filter>
    </ClInclude>
    <ClInclude Include="..\3rd-Party\ImGui\imstb_truetype.h">
      <Filter>Source Files\ImGui</Filter>
    </ClInclude>
    <ClInclude Include="PerformanceTester.h">
      <Filter>Source Files\Application</Filter>
    </ClInclude>
    <ClInclude Include="TriggerComponent.h">
      <Filter>Source Files\Components</Filter>
    </ClInclude>
    <ClInclude Include="RotateComponent.h">
      <Filter>Source Files\Components</Filter>
    </ClInclude>
    <ClInclude Include="Pickup.h">
      <Filter>Source Files\Game\Pickup</Filter>
    </ClInclude>
    <ClInclude Include="PickupComponent.h">
      <Filter>Source Files\Components</Filter>
    </ClInclude>
    <ClInclude Include="GUIHandler.h">
      <Filter>Source Files\Graphics\GUI</Filter>
    </ClInclude>
    <ClInclude Include="GUIElement.h">
      <Filter>Source Files\Graphics\GUI</Filter>
    </ClInclude>
    <ClInclude Include="GUIText.h">
      <Filter>Source Files\Graphics\GUI</Filter>
    </ClInclude>
    <ClInclude Include="SpeedPickup.h">
      <Filter>Source Files\Game\Pickup</Filter>
    </ClInclude>
    <ClInclude Include="CheckpointComponent.h">
      <Filter>Source Files\Components</Filter>
    </ClInclude>
    <ClInclude Include="SceneManager.h">
      <Filter>Source Files\Game\Scenes</Filter>
    </ClInclude>
    <ClInclude Include="Scene.h">
      <Filter>Source Files\Game\Scenes</Filter>
    </ClInclude>
    <ClInclude Include="GUIImageLabel.h">
      <Filter>Source Files\Graphics\GUI</Filter>
    </ClInclude>
    <ClInclude Include="AnimationResource.h">
      <Filter>Source Files\Application</Filter>
    </ClInclude>
    <ClInclude Include="Particles\Particle.h">
      <Filter>Source Files\Graphics\Particles</Filter>
    </ClInclude>
    <ClInclude Include="Particles\ScorePickupParticle.h">
      <Filter>Source Files\Graphics\Particles\Score</Filter>
    </ClInclude>
    <ClInclude Include="ParticleComponent.h">
      <Filter>Source Files\Components</Filter>
    </ClInclude>
    <ClInclude Include="Particles\RainingDogsParticle.h">
      <Filter>Source Files\Graphics\Particles\RainingDog</Filter>
    </ClInclude>
    <ClInclude Include="BarrelComponent.h">
      <Filter>Source Files\Components</Filter>
    </ClInclude>
    <ClInclude Include="PushTrapComponent.h">
      <Filter>Source Files\Components</Filter>
    </ClInclude>
    <ClInclude Include="SlowTrapComponent.h">
      <Filter>Source Files\Components</Filter>
    </ClInclude>
    <ClInclude Include="Traps.h">
      <Filter>Source Files\Game\Traps</Filter>
    </ClInclude>
    <ClInclude Include="BarrelTriggerComponent.h">
      <Filter>Source Files\Components</Filter>
    </ClInclude>
    <ClInclude Include="GUIButton.h">
      <Filter>Source Files\Graphics\GUI</Filter>
    </ClInclude>
    <ClInclude Include="GUIContext.h">
      <Filter>Source Files\Application\Input\Context</Filter>
    </ClInclude>
    <ClInclude Include="ShadowMap.h">
      <Filter>Source Files\Graphics</Filter>
    </ClInclude>
    <ClInclude Include="Boss.h">
      <Filter>Source Files\Game\Boss</Filter>
    </ClInclude>
    <ClInclude Include="BaseAction.h">
      <Filter>Source Files\Game\Boss\Moves</Filter>
    </ClInclude>
    <ClInclude Include="ShootProjectileAction.h">
      <Filter>Source Files\Game\Boss\Moves</Filter>
    </ClInclude>
    <ClInclude Include="ProjectileComponent.h">
      <Filter>Source Files\Components</Filter>
    </ClInclude>
    <ClInclude Include="MoveToAction.h">
      <Filter>Source Files\Game\Boss\Moves</Filter>
    </ClInclude>
    <ClInclude Include="HeightPickup.h">
      <Filter>Source Files\Game\Pickup</Filter>
    </ClInclude>
    <ClInclude Include="CannonPickup.h">
      <Filter>Source Files\Game\Pickup</Filter>
    </ClInclude>
    <ClInclude Include="Particles\PlayerLineParticle.h">
      <Filter>Source Files\Graphics\Particles\Lines\PlayerLines</Filter>
    </ClInclude>
    <ClInclude Include="Particles\LineArrayParticle.h">
      <Filter>Source Files\Graphics\Particles\Lines\LineArray</Filter>
	</ClInclude>
    <ClInclude Include="DataHelper.h">
      <Filter>Source Files\Utilities</Filter>
    </ClInclude>
    <ClInclude Include="Entity.h">
      <Filter>Source Files\Game</Filter>
    </ClInclude>
    <ClInclude Include="BossSegment.h">
      <Filter>Source Files\Game\Boss</Filter>
    </ClInclude>
    <ClInclude Include="MoveToTargetInGridAction.h">
      <Filter>Source Files\Game\Boss\Moves</Filter>
    </ClInclude>
    <ClInclude Include="MoveOneInGridAction.h">
      <Filter>Source Files\Game\Boss\Moves</Filter>
    </ClInclude>
    <ClInclude Include="ShootLaserXZAction.h">
      <Filter>Source Files\Game\Boss\Moves</Filter>
    </ClInclude>
    <ClInclude Include="WaitAction.h">
      <Filter>Source Files\Game\Boss\Moves</Filter>
    </ClInclude>
    <ClInclude Include="ShrinkingComponent.h">
      <Filter>Source Files\Components</Filter>
    </ClInclude>
    <ClInclude Include="GrowingComponent.h">
      <Filter>Source Files\Components</Filter>
    </ClInclude>
    <ClInclude Include="SwingComponent.h">
      <Filter>Source Files\Components</Filter>
    </ClInclude>
    <ClInclude Include="Component.h">
      <Filter>Source Files\Components</Filter>
    </ClInclude>
  </ItemGroup>
  <ItemGroup>
    <ClInclude Include="TestComponent.h">
      <Filter>Source Files\Components</Filter>
    </ClInclude>
    <ClInclude Include="ErrorLogger.h">
      <Filter>Source Files\Application</Filter>
    </ClInclude>
    <ClInclude Include="ResourceHandler.h">
      <Filter>Source Files\Application</Filter>
    </ClInclude>
    <ClInclude Include="MeshResource.h">
      <Filter>Source Files\Application</Filter>
    </ClInclude>
    <ClInclude Include="Player.h">
      <Filter>Source Files\Game</Filter>
    </ClInclude>
  </ItemGroup>
  <ItemGroup>
    <FxCompile Include="VertexShaderBasic.hlsl">
      <Filter>Resource Files\Shader</Filter>
    </FxCompile>
    <FxCompile Include="BasicPixelShader.hlsl">
      <Filter>Resource Files\Shader</Filter>
    </FxCompile>
    <FxCompile Include="BasicPixelShader_temp_for_testing_shaderSwitching.hlsl">
      <Filter>Resource Files\Shader</Filter>
    </FxCompile>
    <FxCompile Include="SkyboxPixelShader.hlsl">
      <Filter>Resource Files\Shader</Filter>
    </FxCompile>
    <FxCompile Include="SkyboxVertexShader.hlsl">
      <Filter>Resource Files\Shader</Filter>
    </FxCompile>
    <FxCompile Include="VertexShaderAnim.hlsl">
      <Filter>Resource Files\Shader</Filter>
    </FxCompile>
    <FxCompile Include="DownSampleShader.hlsl">
      <Filter>Resource Files\Shader</Filter>
    </FxCompile>
    <FxCompile Include="BlurShader.hlsl">
      <Filter>Resource Files\Shader</Filter>
    </FxCompile>
    <FxCompile Include="CombinePassVertex.hlsl">
      <Filter>Resource Files\Shader</Filter>
    </FxCompile>
    <FxCompile Include="CombinePassPixel.hlsl">
      <Filter>Resource Files\Shader</Filter>
    </FxCompile>
    <FxCompile Include="PBRShaderBase.hlsl">
      <Filter>Resource Files\Shader</Filter>
    </FxCompile>
    <FxCompile Include="ObjectSpaceGridVS.hlsl">
      <Filter>Resource Files\Shader</Filter>
    </FxCompile>
    <FxCompile Include="ObjectSpaceGridPS.hlsl">
      <Filter>Resource Files\Shader</Filter>
    </FxCompile>
    <FxCompile Include="Particles\ScorePickupGeometryShaderStreamOut.hlsl">
      <Filter>Source Files\Graphics\Particles\Score</Filter>
    </FxCompile>
    <FxCompile Include="Particles\StreamOutVertexShader.hlsl">
      <Filter>Source Files\Graphics\Particles\RainingDog\Streamout</Filter>
    </FxCompile>
    <FxCompile Include="Particles\RainGeometryShaderStreamOut.hlsl">
      <Filter>Source Files\Graphics\Particles\RainingDog\Streamout</Filter>
    </FxCompile>
    <FxCompile Include="Particles\RainGeometryShaderDraw.hlsl">
      <Filter>Source Files\Graphics\Particles\RainingDog\Draw</Filter>
    </FxCompile>
    <FxCompile Include="Particles\DrawStreamVertexShader.hlsl">
      <Filter>Source Files\Graphics\Particles\RainingDog\Draw</Filter>
    </FxCompile>
    <FxCompile Include="Particles\DrawParticlePixelShader.hlsl">
      <Filter>Source Files\Graphics\Particles\RainingDog\Draw</Filter>
    </FxCompile>
    <FxCompile Include="Particles\DrawStreamVelocity.hlsl">
      <Filter>Source Files\Graphics\Particles\Score</Filter>
    </FxCompile>
    <FxCompile Include="Particles\DrawLineByVelocityGS.hlsl">
      <Filter>Source Files\Graphics\Particles\Score</Filter>
    </FxCompile>
    <FxCompile Include="Particles\PlayerLineDrawVertexShader.hlsl">
      <Filter>Source Files\Graphics\Particles\Lines</Filter>
    </FxCompile>
    <FxCompile Include="Particles\PlayerLineDrawGS.hlsl">
      <Filter>Source Files\Graphics\Particles\Lines</Filter>
    </FxCompile>
    <FxCompile Include="ShadowVertex.hlsl">
      <Filter>Resource Files\Shader</Filter>
    </FxCompile>
    <FxCompile Include="ShadowPixel.hlsl">
      <Filter>Resource Files\Shader</Filter>
    </FxCompile>
    <FxCompile Include="BasicPixelShader_Shadow.hlsl">
      <Filter>Resource Files\Shader</Filter>
    </FxCompile>
    <FxCompile Include="ShadowVertexAnim.hlsl">
      <Filter>Resource Files\Shader</Filter>
    </FxCompile>
    <FxCompile Include="EmissivePixelShader.hlsl">
      <Filter>Resource Files\Shader</Filter>
    </FxCompile>
    <FxCompile Include="Particles\PlayerLineStreamOutGS.hlsl">
      <Filter>Source Files\Graphics\Particles\Lines\PlayerLines</Filter>
    </FxCompile>
    <FxCompile Include="Particles\ArrayOfLinesStreamOut.hlsl">
      <Filter>Source Files\Graphics\Particles\Lines\LineArray</Filter>
    </FxCompile>
  </ItemGroup>
  <ItemGroup>
    <None Include="packages.config" />
  </ItemGroup>
</Project>