<?xml version="1.0" encoding="utf-8"?>
<Project ToolsVersion="4.0" xmlns="http://schemas.microsoft.com/developer/msbuild/2003">
  <ItemGroup>
    <Filter Include="Source Files">
      <UniqueIdentifier>{4FC737F1-C7A5-4376-A066-2A32D752A2FF}</UniqueIdentifier>
      <Extensions>cpp;c;cc;cxx;c++;def;odl;idl;hpj;bat;asm;asmx</Extensions>
    </Filter>
    <Filter Include="Header Files">
      <UniqueIdentifier>{93995380-89BD-4b04-88EB-625FBE52EBFB}</UniqueIdentifier>
      <Extensions>h;hh;hpp;hxx;h++;hm;inl;inc;ipp;xsd</Extensions>
    </Filter>
    <Filter Include="Resource Files">
      <UniqueIdentifier>{67DA6AB6-F800-4c08-8B7A-83BB121AAD01}</UniqueIdentifier>
      <Extensions>rc;ico;cur;bmp;dlg;rc2;rct;bin;rgs;gif;jpg;jpeg;jpe;resx;tiff;tif;png;wav;mfcribbon-ms</Extensions>
    </Filter>
    <Filter Include="Source Files\Application">
      <UniqueIdentifier>{9aef1ca1-4d0f-4ca7-b7c3-540f3ac5c558}</UniqueIdentifier>
    </Filter>
    <Filter Include="Source Files\Graphic">
      <UniqueIdentifier>{d4ecf160-93e1-4a8a-ab7e-35b121e613df}</UniqueIdentifier>
    </Filter>
    <Filter Include="Resource Files\Shader">
      <UniqueIdentifier>{ec250e96-ded3-45ad-a1d6-c12c52c90417}</UniqueIdentifier>
    </Filter>
    <Filter Include="Source Files\Game">
      <UniqueIdentifier>{362475b6-4a68-4a38-a941-cbe00189ad4c}</UniqueIdentifier>
    </Filter>
    <Filter Include="Source Files\Utilities">
      <UniqueIdentifier>{c7e5b2e7-03dd-4d2a-8b83-be1f607f15e4}</UniqueIdentifier>
    </Filter>
    <Filter Include="Source Files\Components">
      <UniqueIdentifier>{58d9a289-4dd7-4e11-9c05-33871704cdde}</UniqueIdentifier>
    </Filter>
    <Filter Include="Source Files\Utilities">
      <UniqueIdentifier>{9d8e0bd6-90be-4350-ae84-ac7b2cc4d8d8}</UniqueIdentifier>
    </Filter>
    <Filter Include="Source Files\Game\PhysX">
      <UniqueIdentifier>{130f37fd-d5c7-4704-a59e-ff1ed8ed8983}</UniqueIdentifier>
    </Filter>
    <Filter Include="Source Files\Engine">
      <UniqueIdentifier>{a2e571ce-1f95-43d3-8aab-b42df956998e}</UniqueIdentifier>
    </Filter>
    <Filter Include="Source Files\Application\Input">
      <UniqueIdentifier>{8064e12e-9923-46ac-8422-18dbb959dc76}</UniqueIdentifier>
    </Filter>
    <Filter Include="Source Files\Application\Input\Context">
      <UniqueIdentifier>{9427d680-6062-452d-8ee0-7d381c1aa292}</UniqueIdentifier>
    </Filter>
  </ItemGroup>
  <ItemGroup>
    <ClCompile Include="main.cpp">
      <Filter>Source Files</Filter>
    </ClCompile>
    <ClCompile Include="ApplicationLayer.cpp">
      <Filter>Source Files\Application</Filter>
    </ClCompile>
    <ClCompile Include="Camera.cpp">
      <Filter>Source Files\Game</Filter>
    </ClCompile>
    <ClCompile Include="Component.h">
      <Filter>Source Files\Components</Filter>
    </ClCompile>
    <ClCompile Include="ResourceHandler.cpp">
      <Filter>Source Files\Application</Filter>
    </ClCompile>
    <ClCompile Include="Renderer.cpp">
      <Filter>Source Files\Graphic</Filter>
    </ClCompile>
    <ClCompile Include="Entity.h">
      <Filter>Source Files\Game</Filter>
    </ClCompile>
    <ClCompile Include="3DPCH.cpp">
      <Filter>Header Files</Filter>
    </ClCompile>
    <ClCompile Include="Engine.cpp">
      <Filter>Source Files\Engine</Filter>
    </ClCompile>
    <ClCompile Include="Transform.cpp">
      <Filter>Source Files\Graphic</Filter>
    </ClCompile>
    <ClCompile Include="Input.cpp">
      <Filter>Source Files\Application\Input</Filter>
    </ClCompile>
    <ClCompile Include="Input_Keyboard.cpp">
      <Filter>Source Files\Application\Input</Filter>
    </ClCompile>
    <ClCompile Include="Input_Mouse.cpp">
      <Filter>Source Files\Application\Input</Filter>
    </ClCompile>
    <ClCompile Include="Player.cpp">
      <Filter>Source Files\Game</Filter>
    </ClCompile>
    <ClCompile Include="ShaderProgram.cpp">
      <Filter>Source Files\Graphic</Filter>
    </ClCompile>
    <ClCompile Include="MeshComponent.cpp">
      <Filter>Source Files\Components</Filter>
    </ClCompile>
    <ClCompile Include="AudioHandler.cpp">
      <Filter>Source Files\Application</Filter>
    </ClCompile>
    <ClCompile Include="Material.cpp">
      <Filter>Source Files\Graphic</Filter>
    </ClCompile>
    <ClCompile Include="Timer.cpp">
      <Filter>Source Files\Application</Filter>
    </ClCompile>
  </ItemGroup>
  <ItemGroup>
    <ClInclude Include="TestComponent.h">
      <Filter>Source Files\Components</Filter>
    </ClInclude>
    <ClInclude Include="InvalidComponent.h">
      <Filter>Source Files\Components</Filter>
    </ClInclude>
    <ClInclude Include="VertexStructs.h">
      <Filter>Source Files\Graphic</Filter>
    </ClInclude>
    <ClInclude Include="Buffer.h">
      <Filter>Source Files\Graphic</Filter>
    </ClInclude>
    <ClInclude Include="ConstantBufferTypes.h">
      <Filter>Source Files\Graphic</Filter>
    </ClInclude>
    <ClInclude Include="Renderer.h">
      <Filter>Source Files\Graphic</Filter>
    </ClInclude>
    <ClInclude Include="Layouts.h">
      <Filter>Source Files\Graphic</Filter>
    </ClInclude>
    <ClInclude Include="ApplicationLayer.h">
      <Filter>Source Files\Application</Filter>
    </ClInclude>
    <ClInclude Include="ErrorLogger.h">
      <Filter>Source Files\Application</Filter>
    </ClInclude>
    <ClInclude Include="ResourceHandler.h">
      <Filter>Source Files\Application</Filter>
    </ClInclude>
    <ClInclude Include="Camera.h">
      <Filter>Source Files\Game</Filter>
    </ClInclude>
    <ClInclude Include="CompileShaderUtility.h">
      <Filter>Source Files\Utilities</Filter>
    </ClInclude>
    <ClInclude Include="3DPCH.h">
      <Filter>Header Files</Filter>
    </ClInclude>
    <ClInclude Include="Engine.h">
      <Filter>Source Files\Engine</Filter>
    </ClInclude>
    <ClInclude Include="Transform.h">
      <Filter>Source Files\Graphic</Filter>
    </ClInclude>
    <ClInclude Include="MeshComponent.h">
      <Filter>Source Files\Components</Filter>
    </ClInclude>
    <ClInclude Include="Physics.h">
      <Filter>Source Files\Game\PhysX</Filter>
    </ClInclude>
    <ClInclude Include="Input.h">
      <Filter>Source Files\Application\Input</Filter>
    </ClInclude>
    <ClInclude Include="Input_Keyboard.h">
      <Filter>Source Files\Application\Input</Filter>
    </ClInclude>
    <ClInclude Include="Input_Mouse.h">
      <Filter>Source Files\Application\Input</Filter>
    </ClInclude>
    <ClInclude Include="iContext.h">
      <Filter>Source Files\Application\Input\Context</Filter>
    </ClInclude>
    <ClInclude Include="HighLevelInput.h">
      <Filter>Source Files\Application\Input\Context</Filter>
    </ClInclude>
    <ClInclude Include="MovementContext.h">
      <Filter>Source Files\Application\Input\Context</Filter>
    </ClInclude>
    <ClInclude Include="ShaderProgram.h">
      <Filter>Source Files\Graphic</Filter>
    </ClInclude>
    <ClInclude Include="ShaderEnums.h">
      <Filter>Source Files\Graphic</Filter>
    </ClInclude>
    <ClInclude Include="InputStructs.h">
      <Filter>Source Files\Application</Filter>
    </ClInclude>
    <ClInclude Include="PhysicsComponent.h">
      <Filter>Source Files\Components</Filter>
    </ClInclude>
    <ClInclude Include="PhysicsMaterial.h">
      <Filter>Source Files\Game\PhysX</Filter>
    </ClInclude>
    <ClInclude Include="AudioHandler.h">
      <Filter>Source Files\Application</Filter>
    </ClInclude>
    <ClInclude Include="AudioComponent.h">
      <Filter>Source Files\Components</Filter>
    </ClInclude>
    <ClInclude Include="Material.h">
      <Filter>Source Files\Graphic</Filter>
    </ClInclude>
    <ClInclude Include="RotateAroundComponent.h">
      <Filter>Source Files\Components</Filter>
    </ClInclude>
    <ClInclude Include="SpotLightComponent.h">
      <Filter>Source Files\Components</Filter>
    </ClInclude>
    <ClInclude Include="LightComponent.h">
      <Filter>Source Files\Components</Filter>
    </ClInclude>
    <ClInclude Include="LightStructs.h">
      <Filter>Source Files\Graphic</Filter>
    </ClInclude>
    <ClInclude Include="Timer.h">
      <Filter>Source Files\Application</Filter>
    </ClInclude>
  </ItemGroup>
  <ItemGroup>
    <ClInclude Include="TestComponent.h">
      <Filter>Source Files\Components</Filter>
    </ClInclude>
    <ClInclude Include="ErrorLogger.h">
      <Filter>Source Files\Application</Filter>
    </ClInclude>
    <ClInclude Include="ResourceHandler.h">
      <Filter>Source Files\Application</Filter>
    </ClInclude>
    <ClInclude Include="MeshResource.h">
      <Filter>Source Files\Application</Filter>
    </ClInclude>
    <ClInclude Include="Player.h">
      <Filter>Source Files\Game</Filter>
    </ClInclude>
  </ItemGroup>
  <ItemGroup>
    <FxCompile Include="VertexShaderBasic.hlsl">
      <Filter>Resource Files\Shader</Filter>
    </FxCompile>
    <FxCompile Include="BasicPixelShader.hlsl">
      <Filter>Resource Files\Shader</Filter>
    </FxCompile>
    <FxCompile Include="BasicPixelShader_temp_for_testing_shaderSwitching.hlsl">
      <Filter>Resource Files\Shader</Filter>
    </FxCompile>
    <FxCompile Include="SkyboxPixelShader.hlsl">
      <Filter>Resource Files\Shader</Filter>
    </FxCompile>
    <FxCompile Include="SkyboxVertexShader.hlsl">
      <Filter>Resource Files\Shader</Filter>
    </FxCompile>
  </ItemGroup>
  <ItemGroup>
    <None Include="packages.config" />
  </ItemGroup>
</Project>